# This file is generated by running "yarn install" inside your project.
# Manual changes might be lost - proceed with caution!

__metadata:
  version: 8
  cacheKey: 10c0

"@timeleap/sia@npm:^2.1.0":
  version: 2.1.0
  resolution: "@timeleap/sia@npm:2.1.0"
  dependencies:
    utfz-lib: "npm:^0.2.0"
  checksum: 10c0/45441acde53024e91c93fe3f050f4ef44193c71bff8ee4bfb0da81f41ec098cc46f1c5071617cfff2b6a8f54bfe93a788ab8a3da3583cdb0d21956d1669a9d77
  languageName: node
  linkType: hard

"@types/node@npm:*, @types/node@npm:^22.10.3":
  version: 22.10.3
  resolution: "@types/node@npm:22.10.3"
  dependencies:
    undici-types: "npm:~6.20.0"
  checksum: 10c0/0471a73c8672c803b1f2b912c2c466d00a217186933e8ff38ec7779b4a3f88a0eea3b513a59f2abf9de17cc8bbca688a3c6643c6513ac8dd1c3e45d25fab93b1
  languageName: node
  linkType: hard

"@types/ws@npm:^8.5.13":
  version: 8.5.13
  resolution: "@types/ws@npm:8.5.13"
  dependencies:
    "@types/node": "npm:*"
  checksum: 10c0/a5430aa479bde588e69cb9175518d72f9338b6999e3b2ae16fc03d3bdcff8347e486dc031e4ed14601260463c07e1f9a0d7511dfc653712b047c439c680b0b34
  languageName: node
  linkType: hard

"plugin@workspace:.":
  version: 0.0.0-use.local
  resolution: "plugin@workspace:."
  dependencies:
    "@timeleap/sia": "npm:^2.1.0"
    "@types/node": "npm:^22.10.3"
    "@types/ws": "npm:^8.5.13"
    typescript: "npm:^5.7.2"
    uuid25: "npm:^0.1.5"
    ws: "npm:^8.18.0"
  languageName: unknown
  linkType: soft

"typescript@npm:^5.7.2":
  version: 5.7.2
  resolution: "typescript@npm:5.7.2"
  bin:
    tsc: bin/tsc
    tsserver: bin/tsserver
  checksum: 10c0/a873118b5201b2ef332127ef5c63fb9d9c155e6fdbe211cbd9d8e65877283797cca76546bad742eea36ed7efbe3424a30376818f79c7318512064e8625d61622
  languageName: node
  linkType: hard

"typescript@patch:typescript@npm%3A^5.7.2#optional!builtin<compat/typescript>":
  version: 5.7.2
  resolution: "typescript@patch:typescript@npm%3A5.7.2#optional!builtin<compat/typescript>::version=5.7.2&hash=5786d5"
  bin:
    tsc: bin/tsc
    tsserver: bin/tsserver
  checksum: 10c0/f3b8082c9d1d1629a215245c9087df56cb784f9fb6f27b5d55577a20e68afe2a889c040aacff6d27e35be165ecf9dca66e694c42eb9a50b3b2c451b36b5675cb
  languageName: node
  linkType: hard

"undici-types@npm:~6.20.0":
  version: 6.20.0
  resolution: "undici-types@npm:6.20.0"
  checksum: 10c0/68e659a98898d6a836a9a59e6adf14a5d799707f5ea629433e025ac90d239f75e408e2e5ff086afc3cace26f8b26ee52155293564593fbb4a2f666af57fc59bf
  languageName: node
  linkType: hard

"utfz-lib@npm:^0.2.0":
  version: 0.2.0
  resolution: "utfz-lib@npm:0.2.0"
  checksum: 10c0/fde927e2d574b76f7fdd046cc87312b52998ecd167178d0fef8129079348aff6a04264594224b42695701325db6508bd372974a18a110d8fa397eeab8fffcb87
  languageName: node
  linkType: hard

"uuid25@npm:^0.1.5":
  version: 0.1.5
  resolution: "uuid25@npm:0.1.5"
  checksum: 10c0/11a3c106c70521defc472aca58c49b0ecf689b850c4ff7c75ec6dc214a1b827dd6809ca33fc940f0d6d54ca03515c98bc1d347c08f1e5260d1cf1e6fbeba0690
  languageName: node
  linkType: hard

"ws@npm:^8.18.0":
  version: 8.18.0
  resolution: "ws@npm:8.18.0"
  peerDependencies:
    bufferutil: ^4.0.1
    utf-8-validate: ">=5.0.2"
  peerDependenciesMeta:
    bufferutil:
      optional: true
    utf-8-validate:
      optional: true
  checksum: 10c0/25eb33aff17edcb90721ed6b0eb250976328533ad3cd1a28a274bd263682e7296a6591ff1436d6cbc50fa67463158b062f9d1122013b361cec99a05f84680e06
  languageName: node
  linkType: hard
